
Microsoft Visual Studio Solution File, Format Version 12.00
# Visual Studio 15
VisualStudioVersion = 15.0.28307.168
MinimumVisualStudioVersion = 10.0.40219.1
Project("{FAE04EC0-301F-11D3-BF4B-00C04F79EFBC}") = "CleanShop.Web", "CleanShop.Web\CleanShop.Web.csproj", "{88C0F980-CCDC-4C3D-93B2-AE7C9AC9D773}"
EndProject
Global
	GlobalSection(SolutionConfigurationPlatforms) = preSolution
		Debug|Any CPU = Debug|Any CPU
		Release|Any CPU = Release|Any CPU
	EndGlobalSection
	GlobalSection(ProjectConfigurationPlatforms) = postSolution
		{88C0F980-CCDC-4C3D-93B2-AE7C9AC9D773}.Debug|Any CPU.ActiveCfg = Debug|Any CPU
		{88C0F980-CCDC-4C3D-93B2-AE7C9AC9D773}.Debug|Any CPU.Build.0 = Debug|Any CPU
		{88C0F980-CCDC-4C3D-93B2-AE7C9AC9D773}.Release|Any CPU.ActiveCfg = Release|Any CPU
		{88C0F980-CCDC-4C3D-93B2-AE7C9AC9D773}.Release|Any CPU.Build.0 = Release|Any CPU
	EndGlobalSection
	GlobalSection(SolutionProperties) = preSolution
		HideSolutionNode = FALSE
	EndGlobalSection
	GlobalSection(ExtensibilityGlobals) = postSolution
		SolutionGuid = {8FEE4753-9142-46CB-958C-F27DCD3A2805}
	EndGlobalSection
EndGlobal
